
Microsoft Visual Studio Solution File, Format Version 12.00
# Visual Studio 15
VisualStudioVersion = 15.0.28010.2046
MinimumVisualStudioVersion = 10.0.40219.1
Project("{FAE04EC0-301F-11D3-BF4B-00C04F79EFBC}") = "SimpleMethod", "SimpleMethod\SimpleMethod.csproj", "{28A61D1A-A018-44AB-B7E3-0E13A2B3FA09}"
EndProject
Global
	GlobalSection(SolutionConfigurationPlatforms) = preSolution
		Debug|Any CPU = Debug|Any CPU
		Release|Any CPU = Release|Any CPU
	EndGlobalSection
	GlobalSection(ProjectConfigurationPlatforms) = postSolution
		{28A61D1A-A018-44AB-B7E3-0E13A2B3FA09}.Debug|Any CPU.ActiveCfg = Debug|Any CPU
		{28A61D1A-A018-44AB-B7E3-0E13A2B3FA09}.Debug|Any CPU.Build.0 = Debug|Any CPU
		{28A61D1A-A018-44AB-B7E3-0E13A2B3FA09}.Release|Any CPU.ActiveCfg = Release|Any CPU
		{28A61D1A-A018-44AB-B7E3-0E13A2B3FA09}.Release|Any CPU.Build.0 = Release|Any CPU
	EndGlobalSection
	GlobalSection(SolutionProperties) = preSolution
		HideSolutionNode = FALSE
	EndGlobalSection
	GlobalSection(ExtensibilityGlobals) = postSolution
		SolutionGuid = {D6FE1877-91ED-4625-9026-25EE2E2429A2}
	EndGlobalSection
EndGlobal
